{
  "lockfile_version": "1",
  "packages": {
    "github:NixOS/nixpkgs/nixpkgs-unstable": {
      "last_modified": "2026-07-13T04:04:42Z",
      "resolved": "github:NixOS/nixpkgs/6cdc7fc76e8bf7fde9fa43a849fcaaa70e230dee?lastModified=1783915482&narHash=sha256-FmieJB8%2FOUvNxbkboi7%2BIGfIuSXY3nF%2FhZQm8kD0r50%3D"
    },
    "nodejs_22@22.23.1": {
      "last_modified": "2026-06-27T07:37:20Z",
      "plugin_version": "0.0.4",
      "resolved": "github:NixOS/nixpkgs/3d46470bb3030020f7e1361f33514854f5bfa86d#nodejs_22",
      "source": "devbox-search",
      "version": "22.23.1",
      "systems": {
        "aarch64-darwin": {
          "outputs": [
            {
              "name": "out",
              "path": "/nix/store/smz0kkakhq96h1ipimiab6cf1yw4nn7n-nodejs-22.23.1",
              "default": true
            }
          ],
          "store_path": "/nix/store/smz0kkakhq96h1ipimiab6cf1yw4nn7n-nodejs-22.23.1"
        },
        "aarch64-linux": {
          "outputs": [
            {
              "name": "out",
              "path": "/nix/store/26r12fb2ywx1q5f9paf1sjibsajz1q99-nodejs-22.23.1",
              "default": true
            }
          ],
          "store_path": "/nix/store/26r12fb2ywx1q5f9paf1sjibsajz1q99-nodejs-22.23.1"
        },
        "x86_64-darwin": {
          "outputs": [
            {
              "name": "out",
              "path": "/nix/store/l1yfdvdrz1vl6f3wsyjglxgsk6r29rkn-nodejs-22.23.1",
              "default": true
            }
          ],
          "store_path": "/nix/store/l1yfdvdrz1vl6f3wsyjglxgsk6r29rkn-nodejs-22.23.1"
        },
        "x86_64-linux": {
          "outputs": [
            {
              "name": "out",
              "path": "/nix/store/znxrv89969njb8fxyyn8rz4ygmmcjpw9-nodejs-22.23.1",
              "default": true
            }
          ],
          "store_path": "/nix/store/znxrv89969njb8fxyyn8rz4ygmmcjpw9-nodejs-22.23.1"
        }
      }
    },
    "pkg-config@0.29.2": {
      "last_modified": "2025-11-23T21:50:36Z",
      "resolved": "github:NixOS/nixpkgs/ee09932cedcef15aaf476f9343d1dea2cb77e261#pkg-config",
      "source": "devbox-search",
      "version": "0.29.2",
      "systems": {
        "aarch64-darwin": {
          "outputs": [
            {
              "name": "out",
              "path": "/nix/store/hygaaqwk9ylklp0ybwppqhw75nz8ya41-pkg-config-wrapper-0.29.2",
              "default": true
            },
            {
              "name": "man",
              "path": "/nix/store/9px0sji43x3r2w4zxl3j3idwsql7lwxx-pkg-config-wrapper-0.29.2-man",
              "default": true
            },
            {
              "name": "doc",
              "path": "/nix/store/hqk44ra6qxw7iixardl6c3hdgb9kq6ns-pkg-config-wrapper-0.29.2-doc"
            }
          ],
          "store_path": "/nix/store/hygaaqwk9ylklp0ybwppqhw75nz8ya41-pkg-config-wrapper-0.29.2"
        },
        "aarch64-linux": {
          "outputs": [
            {
              "name": "out",
              "path": "/nix/store/lbiigi8qbp7mzf1lpr7p982l1kyf01ql-pkg-config-wrapper-0.29.2",
              "default": true
            },
            {
              "name": "man",
              "path": "/nix/store/10060k24qggqyzlwdsfmni9y32zxcg0j-pkg-config-wrapper-0.29.2-man",
              "default": true
            },
            {
              "name": "doc",
              "path": "/nix/store/0y4v51ndpyvkj09hwlfqkz0c3h17zfmc-pkg-config-wrapper-0.29.2-doc"
            }
          ],
          "store_path": "/nix/store/lbiigi8qbp7mzf1lpr7p982l1kyf01ql-pkg-config-wrapper-0.29.2"
        },
        "x86_64-darwin": {
          "outputs": [
            {
              "name": "out",
              "path": "/nix/store/vknadizq0q5kffvx6y4379p9gdry9zq3-pkg-config-wrapper-0.29.2",
              "default": true
            },
            {
              "name": "man",
              "path": "/nix/store/1nyspra675q22gfhf7hn2nmfpi6rgim5-pkg-config-wrapper-0.29.2-man",
              "default": true
            },
            {
              "name": "doc",
              "path": "/nix/store/7lq1axxwrafwljs06n88bzyz9w523rkc-pkg-config-wrapper-0.29.2-doc"
            }
          ],
          "store_path": "/nix/store/vknadizq0q5kffvx6y4379p9gdry9zq3-pkg-config-wrapper-0.29.2"
        },
        "x86_64-linux": {
          "outputs": [
            {
              "name": "out",
              "path": "/nix/store/8vdiwpbh0g4avsd6x5v4s0di32vcl3dp-pkg-config-wrapper-0.29.2",
              "default": true
            },
            {
              "name": "man",
              "path": "/nix/store/j9xfpnrygg3v37svc5pfin9q5bm49r94-pkg-config-wrapper-0.29.2-man",
              "default": true
            },
            {
              "name": "doc",
              "path": "/nix/store/x3bypxdxaq20kykybhkf21x4jczsiy8y-pkg-config-wrapper-0.29.2-doc"
            }
          ],
          "store_path": "/nix/store/8vdiwpbh0g4avsd6x5v4s0di32vcl3dp-pkg-config-wrapper-0.29.2"
        }
      }
    },
    "python312@3.12.13": {
      "last_modified": "2026-06-27T07:37:20Z",
      "plugin_version": "0.0.5",
      "resolved": "github:NixOS/nixpkgs/3d46470bb3030020f7e1361f33514854f5bfa86d#python312",
      "source": "devbox-search",
      "version": "3.12.13",
      "systems": {
        "aarch64-darwin": {
          "outputs": [
            {
              "name": "out",
              "path": "/nix/store/65p6ipj712fb5igr9w1h5k5cb7bymj42-python3-3.12.13",
              "default": true
            }
          ],
          "store_path": "/nix/store/65p6ipj712fb5igr9w1h5k5cb7bymj42-python3-3.12.13"
        },
        "aarch64-linux": {
          "outputs": [
            {
              "name": "out",
              "path": "/nix/store/wicbzqr46qxkh8nv4191fx8jdjrhya3i-python3-3.12.13",
              "default": true
            },
            {
              "name": "debug",
              "path": "/nix/store/flj97zlvj6lz384brw7r5xa8hfmqbp2q-python3-3.12.13-debug"
            }
          ],
          "store_path": "/nix/store/wicbzqr46qxkh8nv4191fx8jdjrhya3i-python3-3.12.13"
        },
        "x86_64-darwin": {
          "outputs": [
            {
              "name": "out",
              "path": "/nix/store/afd3xzw8afbbr1dsqjvb6xg2a5gah4vg-python3-3.12.13",
              "default": true
            }
          ],
          "store_path": "/nix/store/afd3xzw8afbbr1dsqjvb6xg2a5gah4vg-python3-3.12.13"
        },
        "x86_64-linux": {
          "outputs": [
            {
              "name": "out",
              "path": "/nix/store/d69yn2v7lzyh29rykj0ldnih67xps5s0-python3-3.12.13",
              "default": true
            },
            {
              "name": "debug",
              "path": "/nix/store/sk5vgw3w0g8j9x0r261piqjczmgvqbb6-python3-3.12.13-debug"
            }
          ],
          "store_path": "/nix/store/d69yn2v7lzyh29rykj0ldnih67xps5s0-python3-3.12.13"
        }
      }
    },
    "z3@4.16.0": {
      "last_modified": "2026-07-01T23:21:54Z",
      "resolved": "github:NixOS/nixpkgs/9e92285f211dad236540fd617d7e30e0b99bc0e1#z3",
      "source": "devbox-search",
      "version": "4.16.0",
      "systems": {
        "aarch64-darwin": {
          "outputs": [
            {
              "name": "out",
              "path": "/nix/store/72hz6647yimg05i9pzrpmp9c2hnb25vf-z3-4.16.0",
              "default": true
            },
            {
              "name": "dev",
              "path": "/nix/store/zkpn0hs80vmvqa0kgzl0k55pbps6k6my-z3-4.16.0-dev"
            },
            {
              "name": "lib",
              "path": "/nix/store/wz4nydkrx92f59b7zmgym6vsfnvjwl0n-z3-4.16.0-lib"
            },
            {
              "name": "python",
              "path": "/nix/store/p8vzswz5dag31ihm2wfli8kq8p0an4r2-z3-4.16.0-python"
            }
          ],
          "store_path": "/nix/store/72hz6647yimg05i9pzrpmp9c2hnb25vf-z3-4.16.0"
        },
        "aarch64-linux": {
          "outputs": [
            {
              "name": "out",
              "path": "/nix/store/6zyc9m5qnjf37vz888s2890nkh8g47ys-z3-4.16.0",
              "default": true
            },
            {
              "name": "dev",
              "path": "/nix/store/400icagjr8209p55zkij901z2plgq5dn-z3-4.16.0-dev"
            },
            {
              "name": "lib",
              "path": "/nix/store/swfbwk3k9m4szl78x4x2yqni7cidm2jf-z3-4.16.0-lib"
            },
            {
              "name": "python",
              "path": "/nix/store/nv741a20f5ayxdj1w4pcpx908p6a7k9q-z3-4.16.0-python"
            }
          ],
          "store_path": "/nix/store/6zyc9m5qnjf37vz888s2890nkh8g47ys-z3-4.16.0"
        },
        "x86_64-darwin": {
          "outputs": [
            {
              "name": "out",
              "path": "/nix/store/5pp0w2532qr07hvyq53pcxpw5bb8nh8s-z3-4.16.0",
              "default": true
            },
            {
              "name": "dev",
              "path": "/nix/store/h92aaagdqp7p95a69cbvxhyld5jmvn14-z3-4.16.0-dev"
            },
            {
              "name": "lib",
              "path": "/nix/store/kmvmbmvaaji5qri5i1b5qj5xj7d7icsy-z3-4.16.0-lib"
            },
            {
              "name": "python",
              "path": "/nix/store/d453pzdj7kl8z4y4jlv99m0xs9m5kn5s-z3-4.16.0-python"
            }
          ],
          "store_path": "/nix/store/5pp0w2532qr07hvyq53pcxpw5bb8nh8s-z3-4.16.0"
        },
        "x86_64-linux": {
          "outputs": [
            {
              "name": "out",
              "path": "/nix/store/9g083a19y5j09ygrsdl9s396gwkm62y7-z3-4.16.0",
              "default": true
            },
            {
              "name": "lib",
              "path": "/nix/store/kkrq88mq9mxnvjk5d9vvxa30blcjajag-z3-4.16.0-lib"
            },
            {
              "name": "python",
              "path": "/nix/store/gdvbsjxz3rvc9jjx3vij9rsiwax3dbcj-z3-4.16.0-python"
            },
            {
              "name": "dev",
              "path": "/nix/store/1f7s0ivilm3lrq2b39gcmakghqwnfkgx-z3-4.16.0-dev"
            }
          ],
          "store_path": "/nix/store/9g083a19y5j09ygrsdl9s396gwkm62y7-z3-4.16.0"
        }
      }
    }
  }
}
