{
  "lockfile_version": "1",
  "packages": {
    "cargo-nextest@0.9.140": {
      "last_modified": "2026-07-11T07:21:12Z",
      "resolved": "github:NixOS/nixpkgs/770b9bbb84018993c8f009d437fff6c2e3077037#cargo-nextest",
      "source": "devbox-search",
      "version": "0.9.140",
      "systems": {
        "aarch64-darwin": {
          "outputs": [
            {
              "name": "out",
              "path": "/nix/store/bk4hpvqk5ipwircyvld4lmhrckll1dbz-cargo-nextest-0.9.140",
              "default": true
            }
          ],
          "store_path": "/nix/store/bk4hpvqk5ipwircyvld4lmhrckll1dbz-cargo-nextest-0.9.140"
        },
        "aarch64-linux": {
          "outputs": [
            {
              "name": "out",
              "path": "/nix/store/k6jc55iyb2a8zah6xp4dijhqxk9a78x2-cargo-nextest-0.9.140",
              "default": true
            }
          ],
          "store_path": "/nix/store/k6jc55iyb2a8zah6xp4dijhqxk9a78x2-cargo-nextest-0.9.140"
        },
        "x86_64-linux": {
          "outputs": [
            {
              "name": "out",
              "path": "/nix/store/zmvy2d25yndq6i05zkvclf1f56pdh6l1-cargo-nextest-0.9.140",
              "default": true
            }
          ],
          "store_path": "/nix/store/zmvy2d25yndq6i05zkvclf1f56pdh6l1-cargo-nextest-0.9.140"
        }
      }
    },
    "github:NixOS/nixpkgs/nixpkgs-unstable": {
      "last_modified": "2026-07-13T04:04:42Z",
      "resolved": "github:NixOS/nixpkgs/6cdc7fc76e8bf7fde9fa43a849fcaaa70e230dee?lastModified=1783915482"
    },
    "just@1.55.1": {
      "last_modified": "2026-07-08T21:13:06Z",
      "resolved": "github:NixOS/nixpkgs/389ed85304b281ca7f306cf8a1eb4378651ca44e#just",
      "source": "devbox-search",
      "version": "1.55.1",
      "systems": {
        "aarch64-darwin": {
          "outputs": [
            {
              "name": "out",
              "path": "/nix/store/kfnc84v2hjydmz96rwlsj4c71l6vzrsa-just-1.55.1",
              "default": true
            },
            {
              "name": "man",
              "path": "/nix/store/07i84k898zpzn3c43cp1wv3f4gk2dp23-just-1.55.1-man",
              "default": true
            },
            {
              "name": "doc",
              "path": "/nix/store/lpnwnrd1fcz71v8yrm8ix0sqnm12kp97-just-1.55.1-doc"
            }
          ],
          "store_path": "/nix/store/kfnc84v2hjydmz96rwlsj4c71l6vzrsa-just-1.55.1"
        },
        "aarch64-linux": {
          "outputs": [
            {
              "name": "out",
              "path": "/nix/store/rkrv25ps5ybr58c85j0k9lghw97m83ir-just-1.55.1",
              "default": true
            },
            {
              "name": "man",
              "path": "/nix/store/pasvkqrc7rq1rd5h1cz6y40zsff9c47i-just-1.55.1-man",
              "default": true
            },
            {
              "name": "doc",
              "path": "/nix/store/n0fzssjiqzh4n35nqq2p2y6vyjbcsyj9-just-1.55.1-doc"
            }
          ],
          "store_path": "/nix/store/rkrv25ps5ybr58c85j0k9lghw97m83ir-just-1.55.1"
        },
        "x86_64-darwin": {
          "outputs": [
            {
              "name": "out",
              "path": "/nix/store/66nwz7gqzp6wkw8r9x23z45lf7ysc74b-just-1.55.1",
              "default": true
            },
            {
              "name": "man",
              "path": "/nix/store/4fz7kgnf4llinmji6nqbd3h20w1v0661-just-1.55.1-man",
              "default": true
            },
            {
              "name": "doc",
              "path": "/nix/store/4hr1i7iizrvxl5qc9xhq12gscgs0b1nl-just-1.55.1-doc"
            }
          ],
          "store_path": "/nix/store/66nwz7gqzp6wkw8r9x23z45lf7ysc74b-just-1.55.1"
        },
        "x86_64-linux": {
          "outputs": [
            {
              "name": "out",
              "path": "/nix/store/x9xzjl8w446ci9bq4adjwqkijbz0q0y6-just-1.55.1",
              "default": true
            },
            {
              "name": "man",
              "path": "/nix/store/smsixc564abixg4nkr8w9x9k3lcm0lyk-just-1.55.1-man",
              "default": true
            },
            {
              "name": "doc",
              "path": "/nix/store/rgzxv7qn4pd5a9xj5slblq6ls6xkqnhx-just-1.55.1-doc"
            }
          ],
          "store_path": "/nix/store/x9xzjl8w446ci9bq4adjwqkijbz0q0y6-just-1.55.1"
        }
      }
    },
    "libxml2@2.15.3": {
      "last_modified": "2026-07-08T21:13:06Z",
      "resolved": "github:NixOS/nixpkgs/389ed85304b281ca7f306cf8a1eb4378651ca44e#libxml2",
      "source": "devbox-search",
      "version": "2.15.3",
      "systems": {
        "aarch64-darwin": {
          "outputs": [
            {
              "name": "bin",
              "path": "/nix/store/05hbwn6218x7cypr5avac7dgjzz9jd1j-libxml2-2.15.3-bin",
              "default": true
            },
            {
              "name": "dev",
              "path": "/nix/store/i2z6k3dqwz3w416958x3rxvx4g2c7y9k-libxml2-2.15.3-dev"
            },
            {
              "name": "out",
              "path": "/nix/store/fk10rldvm6rdh2lddla9zr0bnbjm4k10-libxml2-2.15.3"
            }
          ],
          "store_path": "/nix/store/05hbwn6218x7cypr5avac7dgjzz9jd1j-libxml2-2.15.3-bin"
        },
        "aarch64-linux": {
          "outputs": [
            {
              "name": "bin",
              "path": "/nix/store/8f2dh4pvrn9m4r17dmrhjvlg35fzx5qk-libxml2-2.15.3-bin",
              "default": true
            },
            {
              "name": "dev",
              "path": "/nix/store/l1c3sf4xkx48k1v23z8q90ybs3pg1zdq-libxml2-2.15.3-dev"
            },
            {
              "name": "out",
              "path": "/nix/store/j8mhkf37zhj1rni4lqzaw4vraiw11b0y-libxml2-2.15.3"
            }
          ],
          "store_path": "/nix/store/8f2dh4pvrn9m4r17dmrhjvlg35fzx5qk-libxml2-2.15.3-bin"
        },
        "x86_64-darwin": {
          "outputs": [
            {
              "name": "bin",
              "path": "/nix/store/7krhlgi2k0idqhxiyrmsfr45glip1m5z-libxml2-2.15.3-bin",
              "default": true
            },
            {
              "name": "dev",
              "path": "/nix/store/n64yyyljzqypwzwkvx40839l0siayn53-libxml2-2.15.3-dev"
            },
            {
              "name": "out",
              "path": "/nix/store/qgpsssjabkp2yrj3jz9qxd25s3hb0zmp-libxml2-2.15.3"
            }
          ],
          "store_path": "/nix/store/7krhlgi2k0idqhxiyrmsfr45glip1m5z-libxml2-2.15.3-bin"
        },
        "x86_64-linux": {
          "outputs": [
            {
              "name": "bin",
              "path": "/nix/store/678cyw6y3cqw608ac2bgw8yz5p273lik-libxml2-2.15.3-bin",
              "default": true
            },
            {
              "name": "dev",
              "path": "/nix/store/8mpal0in6yy80vx5sr3xvfm948zl1f48-libxml2-2.15.3-dev"
            },
            {
              "name": "out",
              "path": "/nix/store/xdj75qn68sq2sba1w3dbmhi7xkzqhaw7-libxml2-2.15.3"
            }
          ],
          "store_path": "/nix/store/678cyw6y3cqw608ac2bgw8yz5p273lik-libxml2-2.15.3-bin"
        }
      }
    },
    "nodejs_22@22.23.1": {
      "last_modified": "2026-06-27T07:37:20Z",
      "plugin_version": "0.0.4",
      "resolved": "github:NixOS/nixpkgs/3d46470bb3030020f7e1361f33514854f5bfa86d#nodejs_22",
      "source": "devbox-search",
      "version": "22.23.1",
      "systems": {
        "aarch64-darwin": {
          "outputs": [
            {
              "name": "out",
              "path": "/nix/store/smz0kkakhq96h1ipimiab6cf1yw4nn7n-nodejs-22.23.1",
              "default": true
            }
          ],
          "store_path": "/nix/store/smz0kkakhq96h1ipimiab6cf1yw4nn7n-nodejs-22.23.1"
        },
        "aarch64-linux": {
          "outputs": [
            {
              "name": "out",
              "path": "/nix/store/26r12fb2ywx1q5f9paf1sjibsajz1q99-nodejs-22.23.1",
              "default": true
            }
          ],
          "store_path": "/nix/store/26r12fb2ywx1q5f9paf1sjibsajz1q99-nodejs-22.23.1"
        },
        "x86_64-darwin": {
          "outputs": [
            {
              "name": "out",
              "path": "/nix/store/l1yfdvdrz1vl6f3wsyjglxgsk6r29rkn-nodejs-22.23.1",
              "default": true
            }
          ],
          "store_path": "/nix/store/l1yfdvdrz1vl6f3wsyjglxgsk6r29rkn-nodejs-22.23.1"
        },
        "x86_64-linux": {
          "outputs": [
            {
              "name": "out",
              "path": "/nix/store/znxrv89969njb8fxyyn8rz4ygmmcjpw9-nodejs-22.23.1",
              "default": true
            }
          ],
          "store_path": "/nix/store/znxrv89969njb8fxyyn8rz4ygmmcjpw9-nodejs-22.23.1"
        }
      }
    },
    "pkg-config@0.29.2": {
      "last_modified": "2025-11-23T21:50:36Z",
      "resolved": "github:NixOS/nixpkgs/ee09932cedcef15aaf476f9343d1dea2cb77e261#pkg-config",
      "source": "devbox-search",
      "version": "0.29.2",
      "systems": {
        "aarch64-darwin": {
          "outputs": [
            {
              "name": "out",
              "path": "/nix/store/hygaaqwk9ylklp0ybwppqhw75nz8ya41-pkg-config-wrapper-0.29.2",
              "default": true
            },
            {
              "name": "man",
              "path": "/nix/store/9px0sji43x3r2w4zxl3j3idwsql7lwxx-pkg-config-wrapper-0.29.2-man",
              "default": true
            },
            {
              "name": "doc",
              "path": "/nix/store/hqk44ra6qxw7iixardl6c3hdgb9kq6ns-pkg-config-wrapper-0.29.2-doc"
            }
          ],
          "store_path": "/nix/store/hygaaqwk9ylklp0ybwppqhw75nz8ya41-pkg-config-wrapper-0.29.2"
        },
        "aarch64-linux": {
          "outputs": [
            {
              "name": "out",
              "path": "/nix/store/lbiigi8qbp7mzf1lpr7p982l1kyf01ql-pkg-config-wrapper-0.29.2",
              "default": true
            },
            {
              "name": "man",
              "path": "/nix/store/10060k24qggqyzlwdsfmni9y32zxcg0j-pkg-config-wrapper-0.29.2-man",
              "default": true
            },
            {
              "name": "doc",
              "path": "/nix/store/0y4v51ndpyvkj09hwlfqkz0c3h17zfmc-pkg-config-wrapper-0.29.2-doc"
            }
          ],
          "store_path": "/nix/store/lbiigi8qbp7mzf1lpr7p982l1kyf01ql-pkg-config-wrapper-0.29.2"
        },
        "x86_64-darwin": {
          "outputs": [
            {
              "name": "out",
              "path": "/nix/store/vknadizq0q5kffvx6y4379p9gdry9zq3-pkg-config-wrapper-0.29.2",
              "default": true
            },
            {
              "name": "man",
              "path": "/nix/store/1nyspra675q22gfhf7hn2nmfpi6rgim5-pkg-config-wrapper-0.29.2-man",
              "default": true
            },
            {
              "name": "doc",
              "path": "/nix/store/7lq1axxwrafwljs06n88bzyz9w523rkc-pkg-config-wrapper-0.29.2-doc"
            }
          ],
          "store_path": "/nix/store/vknadizq0q5kffvx6y4379p9gdry9zq3-pkg-config-wrapper-0.29.2"
        },
        "x86_64-linux": {
          "outputs": [
            {
              "name": "out",
              "path": "/nix/store/8vdiwpbh0g4avsd6x5v4s0di32vcl3dp-pkg-config-wrapper-0.29.2",
              "default": true
            },
            {
              "name": "man",
              "path": "/nix/store/j9xfpnrygg3v37svc5pfin9q5bm49r94-pkg-config-wrapper-0.29.2-man",
              "default": true
            },
            {
              "name": "doc",
              "path": "/nix/store/x3bypxdxaq20kykybhkf21x4jczsiy8y-pkg-config-wrapper-0.29.2-doc"
            }
          ],
          "store_path": "/nix/store/8vdiwpbh0g4avsd6x5v4s0di32vcl3dp-pkg-config-wrapper-0.29.2"
        }
      }
    },
    "python312@3.12.13": {
      "last_modified": "2026-06-27T07:37:20Z",
      "plugin_version": "0.0.5",
      "resolved": "github:NixOS/nixpkgs/3d46470bb3030020f7e1361f33514854f5bfa86d#python312",
      "source": "devbox-search",
      "version": "3.12.13",
      "systems": {
        "aarch64-darwin": {
          "outputs": [
            {
              "name": "out",
              "path": "/nix/store/65p6ipj712fb5igr9w1h5k5cb7bymj42-python3-3.12.13",
              "default": true
            }
          ],
          "store_path": "/nix/store/65p6ipj712fb5igr9w1h5k5cb7bymj42-python3-3.12.13"
        },
        "aarch64-linux": {
          "outputs": [
            {
              "name": "out",
              "path": "/nix/store/wicbzqr46qxkh8nv4191fx8jdjrhya3i-python3-3.12.13",
              "default": true
            },
            {
              "name": "debug",
              "path": "/nix/store/flj97zlvj6lz384brw7r5xa8hfmqbp2q-python3-3.12.13-debug"
            }
          ],
          "store_path": "/nix/store/wicbzqr46qxkh8nv4191fx8jdjrhya3i-python3-3.12.13"
        },
        "x86_64-darwin": {
          "outputs": [
            {
              "name": "out",
              "path": "/nix/store/afd3xzw8afbbr1dsqjvb6xg2a5gah4vg-python3-3.12.13",
              "default": true
            }
          ],
          "store_path": "/nix/store/afd3xzw8afbbr1dsqjvb6xg2a5gah4vg-python3-3.12.13"
        },
        "x86_64-linux": {
          "outputs": [
            {
              "name": "out",
              "path": "/nix/store/d69yn2v7lzyh29rykj0ldnih67xps5s0-python3-3.12.13",
              "default": true
            },
            {
              "name": "debug",
              "path": "/nix/store/sk5vgw3w0g8j9x0r261piqjczmgvqbb6-python3-3.12.13-debug"
            }
          ],
          "store_path": "/nix/store/d69yn2v7lzyh29rykj0ldnih67xps5s0-python3-3.12.13"
        }
      }
    },
    "sccache@0.16.0": {
      "last_modified": "2026-07-08T21:13:06Z",
      "resolved": "github:NixOS/nixpkgs/389ed85304b281ca7f306cf8a1eb4378651ca44e#sccache",
      "source": "devbox-search",
      "version": "0.16.0",
      "systems": {
        "aarch64-darwin": {
          "outputs": [
            {
              "name": "out",
              "path": "/nix/store/508in5sysamxr8076xsfjx4fjxli1f3x-sccache-0.16.0",
              "default": true
            }
          ],
          "store_path": "/nix/store/508in5sysamxr8076xsfjx4fjxli1f3x-sccache-0.16.0"
        },
        "aarch64-linux": {
          "outputs": [
            {
              "name": "out",
              "path": "/nix/store/y1a3yjipjlw76nmxm2wp1p23wk64wxbr-sccache-0.16.0",
              "default": true
            }
          ],
          "store_path": "/nix/store/y1a3yjipjlw76nmxm2wp1p23wk64wxbr-sccache-0.16.0"
        },
        "x86_64-darwin": {
          "outputs": [
            {
              "name": "out",
              "path": "/nix/store/bmc6fiqnkm616srgppsq03pldg6lja1p-sccache-0.16.0",
              "default": true
            }
          ],
          "store_path": "/nix/store/bmc6fiqnkm616srgppsq03pldg6lja1p-sccache-0.16.0"
        },
        "x86_64-linux": {
          "outputs": [
            {
              "name": "out",
              "path": "/nix/store/7zffm7cyixa34n4py7bm1rkyg6nnnqgc-sccache-0.16.0",
              "default": true
            }
          ],
          "store_path": "/nix/store/7zffm7cyixa34n4py7bm1rkyg6nnnqgc-sccache-0.16.0"
        }
      }
    },
    "z3@4.16.0": {
      "last_modified": "2026-07-01T23:21:54Z",
      "resolved": "github:NixOS/nixpkgs/9e92285f211dad236540fd617d7e30e0b99bc0e1#z3",
      "source": "devbox-search",
      "version": "4.16.0",
      "systems": {
        "aarch64-darwin": {
          "outputs": [
            {
              "name": "out",
              "path": "/nix/store/72hz6647yimg05i9pzrpmp9c2hnb25vf-z3-4.16.0",
              "default": true
            },
            {
              "name": "dev",
              "path": "/nix/store/zkpn0hs80vmvqa0kgzl0k55pbps6k6my-z3-4.16.0-dev"
            },
            {
              "name": "lib",
              "path": "/nix/store/wz4nydkrx92f59b7zmgym6vsfnvjwl0n-z3-4.16.0-lib"
            },
            {
              "name": "python",
              "path": "/nix/store/p8vzswz5dag31ihm2wfli8kq8p0an4r2-z3-4.16.0-python"
            }
          ],
          "store_path": "/nix/store/72hz6647yimg05i9pzrpmp9c2hnb25vf-z3-4.16.0"
        },
        "aarch64-linux": {
          "outputs": [
            {
              "name": "out",
              "path": "/nix/store/6zyc9m5qnjf37vz888s2890nkh8g47ys-z3-4.16.0",
              "default": true
            },
            {
              "name": "dev",
              "path": "/nix/store/400icagjr8209p55zkij901z2plgq5dn-z3-4.16.0-dev"
            },
            {
              "name": "lib",
              "path": "/nix/store/swfbwk3k9m4szl78x4x2yqni7cidm2jf-z3-4.16.0-lib"
            },
            {
              "name": "python",
              "path": "/nix/store/nv741a20f5ayxdj1w4pcpx908p6a7k9q-z3-4.16.0-python"
            }
          ],
          "store_path": "/nix/store/6zyc9m5qnjf37vz888s2890nkh8g47ys-z3-4.16.0"
        },
        "x86_64-darwin": {
          "outputs": [
            {
              "name": "out",
              "path": "/nix/store/5pp0w2532qr07hvyq53pcxpw5bb8nh8s-z3-4.16.0",
              "default": true
            },
            {
              "name": "dev",
              "path": "/nix/store/h92aaagdqp7p95a69cbvxhyld5jmvn14-z3-4.16.0-dev"
            },
            {
              "name": "lib",
              "path": "/nix/store/kmvmbmvaaji5qri5i1b5qj5xj7d7icsy-z3-4.16.0-lib"
            },
            {
              "name": "python",
              "path": "/nix/store/d453pzdj7kl8z4y4jlv99m0xs9m5kn5s-z3-4.16.0-python"
            }
          ],
          "store_path": "/nix/store/5pp0w2532qr07hvyq53pcxpw5bb8nh8s-z3-4.16.0"
        },
        "x86_64-linux": {
          "outputs": [
            {
              "name": "out",
              "path": "/nix/store/9g083a19y5j09ygrsdl9s396gwkm62y7-z3-4.16.0",
              "default": true
            },
            {
              "name": "lib",
              "path": "/nix/store/kkrq88mq9mxnvjk5d9vvxa30blcjajag-z3-4.16.0-lib"
            },
            {
              "name": "python",
              "path": "/nix/store/gdvbsjxz3rvc9jjx3vij9rsiwax3dbcj-z3-4.16.0-python"
            },
            {
              "name": "dev",
              "path": "/nix/store/1f7s0ivilm3lrq2b39gcmakghqwnfkgx-z3-4.16.0-dev"
            }
          ],
          "store_path": "/nix/store/9g083a19y5j09ygrsdl9s396gwkm62y7-z3-4.16.0"
        }
      }
    },
    "zlib@1.3.2": {
      "last_modified": "2026-07-08T21:13:06Z",
      "resolved": "github:NixOS/nixpkgs/389ed85304b281ca7f306cf8a1eb4378651ca44e#zlib",
      "source": "devbox-search",
      "version": "1.3.2",
      "systems": {
        "aarch64-darwin": {
          "outputs": [
            {
              "name": "out",
              "path": "/nix/store/g2fg2590ymc2fq5nmjlyxrdg1n9yjj2y-zlib-1.3.2",
              "default": true
            },
            {
              "name": "dev",
              "path": "/nix/store/mvi0pf50rpq1qcwv8alh9hsrsa86xwxj-zlib-1.3.2-dev"
            },
            {
              "name": "static",
              "path": "/nix/store/r1rf9w7c2pihgk4snl9xvyr90m9pp3ij-zlib-1.3.2-static"
            }
          ],
          "store_path": "/nix/store/g2fg2590ymc2fq5nmjlyxrdg1n9yjj2y-zlib-1.3.2"
        },
        "aarch64-linux": {
          "outputs": [
            {
              "name": "out",
              "path": "/nix/store/5v131vrpa3wjcq4aqmlg98z6rsxrhl6m-zlib-1.3.2",
              "default": true
            },
            {
              "name": "dev",
              "path": "/nix/store/9h0awshk7p6vr17liykq0mw6n77lnzdz-zlib-1.3.2-dev"
            },
            {
              "name": "static",
              "path": "/nix/store/vgcmn8r1z3qi28ly7fri8c4kb4walbzl-zlib-1.3.2-static"
            }
          ],
          "store_path": "/nix/store/5v131vrpa3wjcq4aqmlg98z6rsxrhl6m-zlib-1.3.2"
        },
        "x86_64-darwin": {
          "outputs": [
            {
              "name": "out",
              "path": "/nix/store/lgmvxlc60lb5fb3g94qalzkymnba3gl6-zlib-1.3.2",
              "default": true
            },
            {
              "name": "dev",
              "path": "/nix/store/ymzh9g7gh3216by85q08lphgk8b613pm-zlib-1.3.2-dev"
            },
            {
              "name": "static",
              "path": "/nix/store/n8kq8d2aqc2m99micz5lxxmlvihmx1ig-zlib-1.3.2-static"
            }
          ],
          "store_path": "/nix/store/lgmvxlc60lb5fb3g94qalzkymnba3gl6-zlib-1.3.2"
        },
        "x86_64-linux": {
          "outputs": [
            {
              "name": "out",
              "path": "/nix/store/b2swxfi8srrbsafvh9iyyhd26mz9giwf-zlib-1.3.2",
              "default": true
            },
            {
              "name": "dev",
              "path": "/nix/store/fjas1zgi2xawi1aldkyn2d920jc1avcf-zlib-1.3.2-dev"
            },
            {
              "name": "static",
              "path": "/nix/store/vzcikza6c7wxkg9z67plrqkfhbai48cd-zlib-1.3.2-static"
            }
          ],
          "store_path": "/nix/store/b2swxfi8srrbsafvh9iyyhd26mz9giwf-zlib-1.3.2"
        }
      }
    }
  }
}
